
Microsoft Visual Studio Solution File, Format Version 12.00
# Visual Studio Version 17
VisualStudioVersion = 17.8.34330.188
MinimumVisualStudioVersion = 10.0.40219.1
Project("{FAE04EC0-301F-11D3-BF4B-00C04F79EFBC}") = "ApiStorageTokens", "ApiStorageTokens\ApiStorageTokens.csproj", "{469A5DF9-3B7E-4225-BCF8-4842FCCFDA39}"
EndProject
Global
	GlobalSection(SolutionConfigurationPlatforms) = preSolution
		Debug|Any CPU = Debug|Any CPU
		Release|Any CPU = Release|Any CPU
	EndGlobalSection
	GlobalSection(ProjectConfigurationPlatforms) = postSolution
		{469A5DF9-3B7E-4225-BCF8-4842FCCFDA39}.Debug|Any CPU.ActiveCfg = Debug|Any CPU
		{469A5DF9-3B7E-4225-BCF8-4842FCCFDA39}.Debug|Any CPU.Build.0 = Debug|Any CPU
		{469A5DF9-3B7E-4225-BCF8-4842FCCFDA39}.Release|Any CPU.ActiveCfg = Release|Any CPU
		{469A5DF9-3B7E-4225-BCF8-4842FCCFDA39}.Release|Any CPU.Build.0 = Release|Any CPU
	EndGlobalSection
	GlobalSection(SolutionProperties) = preSolution
		HideSolutionNode = FALSE
	EndGlobalSection
	GlobalSection(ExtensibilityGlobals) = postSolution
		SolutionGuid = {FE0BACC5-9F37-41CF-8D92-F6D65C5FFC94}
	EndGlobalSection
EndGlobal
